
Microsoft Visual Studio Solution File, Format Version 12.00
# Visual Studio Version 16
VisualStudioVersion = 16.0.29709.97
MinimumVisualStudioVersion = 10.0.40219.1
Project("{FAE04EC0-301F-11D3-BF4B-00C04F79EFBC}") = "Kervil", "Kervil\Kervil.csproj", "{694038A2-D68D-468F-BE88-DF446E3246EE}"
EndProject
Project("{FAE04EC0-301F-11D3-BF4B-00C04F79EFBC}") = "Tests", "Tests\Tests.csproj", "{BA2E572C-8883-4EE6-A232-CFFEE181588D}"
EndProject
Global
	GlobalSection(SolutionConfigurationPlatforms) = preSolution
		Debug|Any CPU = Debug|Any CPU
		Release|Any CPU = Release|Any CPU
	EndGlobalSection
	GlobalSection(ProjectConfigurationPlatforms) = postSolution
		{694038A2-D68D-468F-BE88-DF446E3246EE}.Debug|Any CPU.ActiveCfg = Debug|Any CPU
		{694038A2-D68D-468F-BE88-DF446E3246EE}.Debug|Any CPU.Build.0 = Debug|Any CPU
		{694038A2-D68D-468F-BE88-DF446E3246EE}.Release|Any CPU.ActiveCfg = Release|Any CPU
		{694038A2-D68D-468F-BE88-DF446E3246EE}.Release|Any CPU.Build.0 = Release|Any CPU
		{BA2E572C-8883-4EE6-A232-CFFEE181588D}.Debug|Any CPU.ActiveCfg = Debug|Any CPU
		{BA2E572C-8883-4EE6-A232-CFFEE181588D}.Debug|Any CPU.Build.0 = Debug|Any CPU
		{BA2E572C-8883-4EE6-A232-CFFEE181588D}.Release|Any CPU.ActiveCfg = Release|Any CPU
		{BA2E572C-8883-4EE6-A232-CFFEE181588D}.Release|Any CPU.Build.0 = Release|Any CPU
	EndGlobalSection
	GlobalSection(SolutionProperties) = preSolution
		HideSolutionNode = FALSE
	EndGlobalSection
	GlobalSection(ExtensibilityGlobals) = postSolution
		SolutionGuid = {9927EDC4-0A78-4AA9-B0CB-ADC98779F80E}
	EndGlobalSection
EndGlobal
